
Microsoft Visual Studio Solution File, Format Version 12.00
# Visual Studio Version 17
VisualStudioVersion = 17.3.32929.385
MinimumVisualStudioVersion = 10.0.40219.1
Project("{FAE04EC0-301F-11D3-BF4B-00C04F79EFBC}") = "Backend", "Backend\Backend.csproj", "{7178CFF3-E1CE-441B-8E9B-B64639FE074A}"
EndProject
Global
	GlobalSection(SolutionConfigurationPlatforms) = preSolution
		Debug|Any CPU = Debug|Any CPU
		Release|Any CPU = Release|Any CPU
	EndGlobalSection
	GlobalSection(ProjectConfigurationPlatforms) = postSolution
		{7178CFF3-E1CE-441B-8E9B-B64639FE074A}.Debug|Any CPU.ActiveCfg = Debug|Any CPU
		{7178CFF3-E1CE-441B-8E9B-B64639FE074A}.Debug|Any CPU.Build.0 = Debug|Any CPU
		{7178CFF3-E1CE-441B-8E9B-B64639FE074A}.Release|Any CPU.ActiveCfg = Release|Any CPU
		{7178CFF3-E1CE-441B-8E9B-B64639FE074A}.Release|Any CPU.Build.0 = Release|Any CPU
	EndGlobalSection
	GlobalSection(SolutionProperties) = preSolution
		HideSolutionNode = FALSE
	EndGlobalSection
	GlobalSection(ExtensibilityGlobals) = postSolution
		SolutionGuid = {3BB130B8-F731-42E3-B898-55CA30F0028B}
	EndGlobalSection
EndGlobal
